
Microsoft Visual Studio Solution File, Format Version 12.00
# Visual Studio Version 17
VisualStudioVersion = 17.7.34031.279
MinimumVisualStudioVersion = 10.0.40219.1
Project("{8BC9CEB8-8B4A-11D0-8D11-00A0C91BC942}") = "flappy_bird_clone", "flappy_bird_clone.vcxproj", "{15F10229-A7A7-44E1-B105-D0E9B6E8190D}"
EndProject
Global
	GlobalSection(SolutionConfigurationPlatforms) = preSolution
		Debug|x64 = Debug|x64
		Debug|x86 = Debug|x86
		Release|x64 = Release|x64
		Release|x86 = Release|x86
	EndGlobalSection
	GlobalSection(ProjectConfigurationPlatforms) = postSolution
		{15F10229-A7A7-44E1-B105-D0E9B6E8190D}.Debug|x64.ActiveCfg = Debug|x64
		{15F10229-A7A7-44E1-B105-D0E9B6E8190D}.Debug|x64.Build.0 = Debug|x64
		{15F10229-A7A7-44E1-B105-D0E9B6E8190D}.Debug|x86.ActiveCfg = Debug|Win32
		{15F10229-A7A7-44E1-B105-D0E9B6E8190D}.Debug|x86.Build.0 = Debug|Win32
		{15F10229-A7A7-44E1-B105-D0E9B6E8190D}.Release|x64.ActiveCfg = Release|x64
		{15F10229-A7A7-44E1-B105-D0E9B6E8190D}.Release|x64.Build.0 = Release|x64
		{15F10229-A7A7-44E1-B105-D0E9B6E8190D}.Release|x86.ActiveCfg = Release|Win32
		{15F10229-A7A7-44E1-B105-D0E9B6E8190D}.Release|x86.Build.0 = Release|Win32
	EndGlobalSection
	GlobalSection(SolutionProperties) = preSolution
		HideSolutionNode = FALSE
	EndGlobalSection
	GlobalSection(ExtensibilityGlobals) = postSolution
		SolutionGuid = {7C018E8B-0E79-4EA4-A11C-3990F7F241FC}
	EndGlobalSection
EndGlobal
